dependencies:
- name: commons
  repository: file://../commons
  version: 22.7.2
- name: int-dataset-streamer
  repository: file://../int-dataset-streamer
  version: 22.7.2
- name: int-sink-service
  repository: file://../int-sink-service
  version: 22.7.2
- name: int-stats-collector
  repository: file://../int-stats-collector
  version: 22.7.2
- name: pub-auth-service
  repository: file://../pub-auth-service
  version: 22.7.2
- name: pub-catalog-service
  repository: file://../pub-catalog-service
  version: 22.7.2
- name: pub-export-service
  repository: file://../pub-export-service
  version: 22.7.2
- name: pub-ingest-service
  repository: file://../pub-ingest-service
  version: 22.7.2
- name: pub-issue-service
  repository: file://../pub-issue-service
  version: 22.7.2
- name: pub-monitor-service
  repository: file://../pub-monitor-service
  version: 22.7.2
- name: pub-ngsi-service
  repository: file://../pub-ngsi-service
  version: 22.7.2
- name: pub-query-service
  repository: file://../pub-query-service
  version: 22.7.2
- name: pub-streaming-service
  repository: file://../pub-streaming-service
  version: 22.7.2
- name: web-apiconsole
  repository: file://../web-apiconsole
  version: 22.7.2
- name: web-catalog
  repository: file://../web-catalog
  version: 22.7.2
digest: sha256:cb9a9dcde8faf65f1c8ce46111bfa9f1180ab483c1a9f8b52b30a78a0c9d37ef
generated: "2022-11-24T16:10:09.966929159+01:00"
