dependencies:
- name: commons
  repository: https://idlab-discover.github.io/obelisk
  version: 22.05.2
- name: int-dataset-streamer
  repository: https://idlab-discover.github.io/obelisk
  version: 22.05.2
- name: int-sink-service
  repository: https://idlab-discover.github.io/obelisk
  version: 22.05.2
- name: int-stats-collector
  repository: https://idlab-discover.github.io/obelisk
  version: 22.05.2
- name: pub-auth-service
  repository: https://idlab-discover.github.io/obelisk
  version: 22.05.2
- name: pub-catalog-service
  repository: https://idlab-discover.github.io/obelisk
  version: 22.05.2
- name: pub-export-service
  repository: https://idlab-discover.github.io/obelisk
  version: 22.05.2
- name: pub-ingest-service
  repository: https://idlab-discover.github.io/obelisk
  version: 22.05.2
- name: pub-issue-service
  repository: https://idlab-discover.github.io/obelisk
  version: 22.05.2
- name: pub-monitor-service
  repository: https://idlab-discover.github.io/obelisk
  version: 22.05.2
- name: pub-ngsi-service
  repository: https://idlab-discover.github.io/obelisk
  version: 22.05.2
- name: pub-query-service
  repository: https://idlab-discover.github.io/obelisk
  version: 22.05.2
- name: pub-streaming-service
  repository: https://idlab-discover.github.io/obelisk
  version: 22.05.2
- name: web-apiconsole
  repository: https://idlab-discover.github.io/obelisk
  version: 22.05.2
- name: web-catalog
  repository: https://idlab-discover.github.io/obelisk
  version: 22.05.2
digest: sha256:f309475ee25a5c8e1a7653f2f966fc525ca414351337516b1f83500d20a36aa3
generated: "2022-05-31T17:04:45.3188946+02:00"
