dependencies:
- name: commons
  repository: file://../../charts/commons
  version: 22.05.2
- name: int-dataset-streamer
  repository: file://../../charts/int-dataset-streamer
  version: 22.05.2
- name: int-sink-service
  repository: file://../../charts/int-sink-service
  version: 22.05.2
- name: int-stats-collector
  repository: file://../../charts/int-stats-collector
  version: 22.05.2
- name: pub-auth-service
  repository: file://../../charts/pub-auth-service
  version: 22.05.2
- name: pub-catalog-service
  repository: file://../../charts/pub-catalog-service
  version: 22.05.2
- name: pub-export-service
  repository: file://../../charts/pub-export-service
  version: 22.05.2
- name: pub-ingest-service
  repository: file://../../charts/pub-ingest-service
  version: 22.05.2
- name: pub-issue-service
  repository: file://../../charts/pub-issue-service
  version: 22.05.2
- name: pub-monitor-service
  repository: file://../../charts/pub-monitor-service
  version: 22.05.2
- name: pub-query-service
  repository: file://../../charts/pub-query-service
  version: 22.05.2
- name: pub-streaming-service
  repository: file://../../charts/pub-streaming-service
  version: 22.05.2
- name: web-apiconsole
  repository: file://../../charts/web-apiconsole
  version: 22.05.2
- name: web-catalog
  repository: file://../../charts/web-catalog
  version: 22.05.2
digest: sha256:2489f95dbd74023a66cac8f200daec2c423a4ddba9ebd792d681076f9f291884
generated: "2022-06-03T15:19:35.0541119+02:00"
